
Microsoft Visual Studio Solution File, Format Version 12.00
# Visual Studio Version 16
VisualStudioVersion = 16.0.31402.337
MinimumVisualStudioVersion = 10.0.40219.1
Project("{FAE04EC0-301F-11D3-BF4B-00C04F79EFBC}") = "Swashbuckle.Demo", "Swashbuckle.Demo.csproj", "{D1829B11-D256-4D50-8013-CCB024FF8C6C}"
EndProject
Global
	GlobalSection(SolutionConfigurationPlatforms) = preSolution
		Debug|Any CPU = Debug|Any CPU
		Release|Any CPU = Release|Any CPU
	EndGlobalSection
	GlobalSection(ProjectConfigurationPlatforms) = postSolution
		{D1829B11-D256-4D50-8013-CCB024FF8C6C}.Debug|Any CPU.ActiveCfg = Debug|Any CPU
		{D1829B11-D256-4D50-8013-CCB024FF8C6C}.Debug|Any CPU.Build.0 = Debug|Any CPU
		{D1829B11-D256-4D50-8013-CCB024FF8C6C}.Release|Any CPU.ActiveCfg = Release|Any CPU
		{D1829B11-D256-4D50-8013-CCB024FF8C6C}.Release|Any CPU.Build.0 = Release|Any CPU
	EndGlobalSection
	GlobalSection(SolutionProperties) = preSolution
		HideSolutionNode = FALSE
	EndGlobalSection
	GlobalSection(ExtensibilityGlobals) = postSolution
		SolutionGuid = {1C697321-8929-4547-862C-B3316AC6481B}
	EndGlobalSection
EndGlobal
